
Microsoft Visual Studio Solution File, Format Version 12.00
# Visual Studio Version 16
Project("{8BC9CEB8-8B4A-11D0-8D11-00A0C91BC942}") = "Engine", "Engine\Engine.vcxproj", "{DBC7D3B0-C769-FE86-B024-12DB9C6585D7}"
EndProject
Project("{8BC9CEB8-8B4A-11D0-8D11-00A0C91BC942}") = "GLFW", "Engine\vendor\GLFW\GLFW.vcxproj", "{154B857C-0182-860D-AA6E-6C109684020F}"
EndProject
Project("{8BC9CEB8-8B4A-11D0-8D11-00A0C91BC942}") = "Glad", "Engine\vendor\Glad\Glad.vcxproj", "{BDD6857C-A90D-870D-52FA-6C103E10030F}"
EndProject
Project("{8BC9CEB8-8B4A-11D0-8D11-00A0C91BC942}") = "ImGui", "Engine\vendor\imgui\ImGui.vcxproj", "{C0FF640D-2C14-8DBE-F595-301E616989EF}"
EndProject
Project("{8BC9CEB8-8B4A-11D0-8D11-00A0C91BC942}") = "Sandbox", "Sandbox\Sandbox.vcxproj", "{F4C124E3-60A1-A37E-69B9-2E55D5170AE0}"
EndProject
Global
	GlobalSection(SolutionConfigurationPlatforms) = preSolution
		Debug|Win32 = Debug|Win32
		Dist|Win32 = Dist|Win32
		Release|Win32 = Release|Win32
	EndGlobalSection
	GlobalSection(ProjectConfigurationPlatforms) = postSolution
		{DBC7D3B0-C769-FE86-B024-12DB9C6585D7}.Debug|Win32.ActiveCfg = Debug|Win32
		{DBC7D3B0-C769-FE86-B024-12DB9C6585D7}.Debug|Win32.Build.0 = Debug|Win32
		{DBC7D3B0-C769-FE86-B024-12DB9C6585D7}.Dist|Win32.ActiveCfg = Dist|Win32
		{DBC7D3B0-C769-FE86-B024-12DB9C6585D7}.Dist|Win32.Build.0 = Dist|Win32
		{DBC7D3B0-C769-FE86-B024-12DB9C6585D7}.Release|Win32.ActiveCfg = Release|Win32
		{DBC7D3B0-C769-FE86-B024-12DB9C6585D7}.Release|Win32.Build.0 = Release|Win32
		{154B857C-0182-860D-AA6E-6C109684020F}.Debug|Win32.ActiveCfg = Debug|Win32
		{154B857C-0182-860D-AA6E-6C109684020F}.Debug|Win32.Build.0 = Debug|Win32
		{154B857C-0182-860D-AA6E-6C109684020F}.Dist|Win32.ActiveCfg = Dist|Win32
		{154B857C-0182-860D-AA6E-6C109684020F}.Dist|Win32.Build.0 = Dist|Win32
		{154B857C-0182-860D-AA6E-6C109684020F}.Release|Win32.ActiveCfg = Release|Win32
		{154B857C-0182-860D-AA6E-6C109684020F}.Release|Win32.Build.0 = Release|Win32
		{BDD6857C-A90D-870D-52FA-6C103E10030F}.Debug|Win32.ActiveCfg = Debug|Win32
		{BDD6857C-A90D-870D-52FA-6C103E10030F}.Debug|Win32.Build.0 = Debug|Win32
		{BDD6857C-A90D-870D-52FA-6C103E10030F}.Dist|Win32.ActiveCfg = Dist|Win32
		{BDD6857C-A90D-870D-52FA-6C103E10030F}.Dist|Win32.Build.0 = Dist|Win32
		{BDD6857C-A90D-870D-52FA-6C103E10030F}.Release|Win32.ActiveCfg = Release|Win32
		{BDD6857C-A90D-870D-52FA-6C103E10030F}.Release|Win32.Build.0 = Release|Win32
		{C0FF640D-2C14-8DBE-F595-301E616989EF}.Debug|Win32.ActiveCfg = Debug|Win32
		{C0FF640D-2C14-8DBE-F595-301E616989EF}.Debug|Win32.Build.0 = Debug|Win32
		{C0FF640D-2C14-8DBE-F595-301E616989EF}.Dist|Win32.ActiveCfg = Dist|Win32
		{C0FF640D-2C14-8DBE-F595-301E616989EF}.Dist|Win32.Build.0 = Dist|Win32
		{C0FF640D-2C14-8DBE-F595-301E616989EF}.Release|Win32.ActiveCfg = Release|Win32
		{C0FF640D-2C14-8DBE-F595-301E616989EF}.Release|Win32.Build.0 = Release|Win32
		{F4C124E3-60A1-A37E-69B9-2E55D5170AE0}.Debug|Win32.ActiveCfg = Debug|Win32
		{F4C124E3-60A1-A37E-69B9-2E55D5170AE0}.Debug|Win32.Build.0 = Debug|Win32
		{F4C124E3-60A1-A37E-69B9-2E55D5170AE0}.Dist|Win32.ActiveCfg = Dist|Win32
		{F4C124E3-60A1-A37E-69B9-2E55D5170AE0}.Dist|Win32.Build.0 = Dist|Win32
		{F4C124E3-60A1-A37E-69B9-2E55D5170AE0}.Release|Win32.ActiveCfg = Release|Win32
		{F4C124E3-60A1-A37E-69B9-2E55D5170AE0}.Release|Win32.Build.0 = Release|Win32
	EndGlobalSection
	GlobalSection(SolutionProperties) = preSolution
		HideSolutionNode = FALSE
	EndGlobalSection
EndGlobal
