
Microsoft Visual Studio Solution File, Format Version 12.00
# Visual Studio Version 16
VisualStudioVersion = 16.0.31129.286
MinimumVisualStudioVersion = 10.0.40219.1
Project("{8BC9CEB8-8B4A-11D0-8D11-00A0C91BC942}") = "Sandbox", "Sandbox\Sandbox.vcxproj", "{66F4ED13-1DD1-40D2-A795-EB61C00754EA}"
	ProjectSection(ProjectDependencies) = postProject
		{E250B21E-0D6F-457B-8CB4-F50C53873DBA} = {E250B21E-0D6F-457B-8CB4-F50C53873DBA}
	EndProjectSection
EndProject
Project("{8BC9CEB8-8B4A-11D0-8D11-00A0C91BC942}") = "Engine", "Engine\Engine.vcxproj", "{E250B21E-0D6F-457B-8CB4-F50C53873DBA}"
EndProject
Global
	GlobalSection(SolutionConfigurationPlatforms) = preSolution
		Debug|x64 = Debug|x64
		Debug|x86 = Debug|x86
		Release|x64 = Release|x64
		Release|x86 = Release|x86
	EndGlobalSection
	GlobalSection(ProjectConfigurationPlatforms) = postSolution
		{E250B21E-0D6F-457B-8CB4-F50C53873DBA}.Debug|x64.ActiveCfg = Debug|x64
		{E250B21E-0D6F-457B-8CB4-F50C53873DBA}.Debug|x64.Build.0 = Debug|x64
		{E250B21E-0D6F-457B-8CB4-F50C53873DBA}.Debug|x86.ActiveCfg = Debug|Win32
		{E250B21E-0D6F-457B-8CB4-F50C53873DBA}.Debug|x86.Build.0 = Debug|Win32
		{E250B21E-0D6F-457B-8CB4-F50C53873DBA}.Release|x64.ActiveCfg = Release|x64
		{E250B21E-0D6F-457B-8CB4-F50C53873DBA}.Release|x64.Build.0 = Release|x64
		{E250B21E-0D6F-457B-8CB4-F50C53873DBA}.Release|x86.ActiveCfg = Release|Win32
		{E250B21E-0D6F-457B-8CB4-F50C53873DBA}.Release|x86.Build.0 = Release|Win32
		{66F4ED13-1DD1-40D2-A795-EB61C00754EA}.Debug|x64.ActiveCfg = Debug|x64
		{66F4ED13-1DD1-40D2-A795-EB61C00754EA}.Debug|x64.Build.0 = Debug|x64
		{66F4ED13-1DD1-40D2-A795-EB61C00754EA}.Debug|x86.ActiveCfg = Debug|Win32
		{66F4ED13-1DD1-40D2-A795-EB61C00754EA}.Debug|x86.Build.0 = Debug|Win32
		{66F4ED13-1DD1-40D2-A795-EB61C00754EA}.Release|x64.ActiveCfg = Release|x64
		{66F4ED13-1DD1-40D2-A795-EB61C00754EA}.Release|x64.Build.0 = Release|x64
		{66F4ED13-1DD1-40D2-A795-EB61C00754EA}.Release|x86.ActiveCfg = Release|Win32
		{66F4ED13-1DD1-40D2-A795-EB61C00754EA}.Release|x86.Build.0 = Release|Win32
	EndGlobalSection
	GlobalSection(SolutionProperties) = preSolution
		HideSolutionNode = FALSE
	EndGlobalSection
	GlobalSection(ExtensibilityGlobals) = postSolution
		SolutionGuid = {1476DA28-7FD0-428D-A882-B8D3B30C874C}
	EndGlobalSection
EndGlobal
